<?xml version="1.0" encoding="utf-8"?>
<Project ToolsVersion="4.0" xmlns="http://schemas.microsoft.com/developer/msbuild/2003">
  <ItemGroup>
    <Filter Include="ClientSession">
      <UniqueIdentifier>{7dba2f76-5c3c-49c9-bb4e-88376fee2a86}</UniqueIdentifier>
    </Filter>
    <Filter Include="predefine">
      <UniqueIdentifier>{fd6ca222-4d0e-4084-bfca-ea4ccad816e0}</UniqueIdentifier>
    </Filter>
    <Filter Include="predefine\pch">
      <UniqueIdentifier>{c86498ff-aec7-4710-86c8-45bc8c11fd80}</UniqueIdentifier>
    </Filter>
    <Filter Include="Protocols">
      <UniqueIdentifier>{7a1e115b-9a7a-4076-90d3-e9602cea8d24}</UniqueIdentifier>
    </Filter>
    <Filter Include="Protocols\fbs">
      <UniqueIdentifier>{c03d9115-f426-40c7-84e6-962a959e532e}</UniqueIdentifier>
    </Filter>
    <Filter Include="Protocols\generated">
      <UniqueIdentifier>{f63eb009-5f61-4113-82e4-7c31774d4a88}</UniqueIdentifier>
    </Filter>
    <Filter Include="Protocols\Protocol">
      <UniqueIdentifier>{4138fc27-3396-4ca0-85a4-518e2b04553f}</UniqueIdentifier>
    </Filter>
    <Filter Include="Protocols\templates">
      <UniqueIdentifier>{aea5e660-90d6-4955-ada0-858870b72855}</UniqueIdentifier>
    </Filter>
    <Filter Include="ContentsComponents">
      <UniqueIdentifier>{ff710fd3-b914-4706-9803-18e44195083e}</UniqueIdentifier>
    </Filter>
    <Filter Include="ContentsComponents\PositionComponent">
      <UniqueIdentifier>{c56a17d5-d4fd-4828-9dde-2cc0e863020b}</UniqueIdentifier>
    </Filter>
    <Filter Include="EntityFactory">
      <UniqueIdentifier>{8f9455ea-949c-4ff6-b81c-db37c85ec045}</UniqueIdentifier>
    </Filter>
    <Filter Include="EntityFactory\ContentsBehaviorNode">
      <UniqueIdentifier>{87376198-e8bb-421f-929b-bb14619f1050}</UniqueIdentifier>
    </Filter>
    <Filter Include="CommonComponent">
      <UniqueIdentifier>{45885e52-b213-44c4-9844-aa3903ea2108}</UniqueIdentifier>
    </Filter>
    <Filter Include="CommonComponent\NaviAgent">
      <UniqueIdentifier>{6376c18d-c380-4662-8bb4-425dca78e181}</UniqueIdentifier>
    </Filter>
    <Filter Include="CommonComponent\PathFinder">
      <UniqueIdentifier>{f94ddb3f-e2ac-4c09-846f-b68950212697}</UniqueIdentifier>
    </Filter>
    <Filter Include="CommonComponent\Collider">
      <UniqueIdentifier>{5002fbc6-c24a-4439-b7d0-d0ec85a9b66a}</UniqueIdentifier>
    </Filter>
    <Filter Include="ContentsField">
      <UniqueIdentifier>{eef91570-4ddb-4645-a4d5-8d67f3985817}</UniqueIdentifier>
    </Filter>
    <Filter Include="BattleComponent">
      <UniqueIdentifier>{aecd6113-3a51-4c9a-8edf-97c34c1e507f}</UniqueIdentifier>
    </Filter>
    <Filter Include="BattleComponent\Death">
      <UniqueIdentifier>{79d6fb6b-4388-43b8-b421-a675915af5a9}</UniqueIdentifier>
    </Filter>
    <Filter Include="BattleComponent\Status">
      <UniqueIdentifier>{8ad7a2e2-28fe-4b56-ade2-0b4a5edf0c6b}</UniqueIdentifier>
    </Filter>
    <Filter Include="QuestSystem">
      <UniqueIdentifier>{4bdac21d-30ce-4389-aaca-b796ae6fd612}</UniqueIdentifier>
    </Filter>
    <Filter Include="QuestSystem\Quest">
      <UniqueIdentifier>{ee2d6b9f-2fde-4452-b3b7-adef921a9a04}</UniqueIdentifier>
    </Filter>
    <Filter Include="ContentsDeleter">
      <UniqueIdentifier>{dd04d87f-f7a3-4e84-9430-234983698e98}</UniqueIdentifier>
    </Filter>
    <Filter Include="ContentsDeleter\Regenerator">
      <UniqueIdentifier>{0f8c2751-35eb-40b8-8687-465da5f6caaf}</UniqueIdentifier>
    </Filter>
    <Filter Include="Projectile">
      <UniqueIdentifier>{fb9deeaa-02b6-4e3a-9bc0-97aff95e70bf}</UniqueIdentifier>
    </Filter>
    <Filter Include="predefine\ContentsFunc">
      <UniqueIdentifier>{f01eb169-c56a-48e6-a594-d06140bed2a1}</UniqueIdentifier>
    </Filter>
    <Filter Include="EntityFactory\NPCState">
      <UniqueIdentifier>{b250c385-c142-453b-96c6-529d45da2d23}</UniqueIdentifier>
    </Filter>
    <Filter Include="EntityFactory\NPCState\RangeMon">
      <UniqueIdentifier>{e328c87e-db54-438d-a237-3b2a12f6bc13}</UniqueIdentifier>
    </Filter>
    <Filter Include="BattleComponent\Status\HP">
      <UniqueIdentifier>{ef45a976-de65-46e5-bedb-32f814f549ca}</UniqueIdentifier>
    </Filter>
    <Filter Include="Items">
      <UniqueIdentifier>{1190f1af-79f7-4881-9e0a-7270b2164e67}</UniqueIdentifier>
    </Filter>
    <Filter Include="Items\QuickSlot">
      <UniqueIdentifier>{2ee84710-5ea5-47ca-8795-71f7f73e57a8}</UniqueIdentifier>
    </Filter>
    <Filter Include="Items\Item">
      <UniqueIdentifier>{c84d2657-5b90-4597-975b-3eb63f11b770}</UniqueIdentifier>
    </Filter>
    <Filter Include="Items\Inventory">
      <UniqueIdentifier>{6e728756-72f5-465d-a1d6-bfd26d104c33}</UniqueIdentifier>
    </Filter>
    <Filter Include="main">
      <UniqueIdentifier>{4FC737F1-C7A5-4376-A066-2A32D752A2FF}</UniqueIdentifier>
      <Extensions>cpp;c;cc;cxx;c++;cppm;ixx;def;odl;idl;hpj;bat;asm;asmx</Extensions>
    </Filter>
    <Filter Include="Items\DropItem">
      <UniqueIdentifier>{94310aa3-c43b-488a-9e40-0c8e314a3b83}</UniqueIdentifier>
    </Filter>
    <Filter Include="ClusterPredicate">
      <UniqueIdentifier>{9fe04f13-b05e-4bd4-9d52-d183d2037262}</UniqueIdentifier>
    </Filter>
    <Filter Include="Items\DropTable">
      <UniqueIdentifier>{06cefa0b-1d9a-4268-ac56-53ff99080dc2}</UniqueIdentifier>
    </Filter>
    <Filter Include="QuestRoom">
      <UniqueIdentifier>{c16688f1-0485-42d0-8e0e-dd6a15a9243f}</UniqueIdentifier>
    </Filter>
  </ItemGroup>
  <ItemGroup>
    <ClCompile Include="main.cpp">
      <Filter>main</Filter>
    </ClCompile>
    <ClCompile Include="ClientSession.cpp">
      <Filter>ClientSession</Filter>
    </ClCompile>
    <ClCompile Include="pch.cpp">
      <Filter>predefine\pch</Filter>
    </ClCompile>
    <ClCompile Include="ClusterPredicate.cpp">
      <Filter>ClusterPredicate</Filter>
    </ClCompile>
    <ClCompile Include="PositionComponent.cpp">
      <Filter>ContentsComponents\PositionComponent</Filter>
    </ClCompile>
    <ClCompile Include="EntityFactory.cpp">
      <Filter>EntityFactory</Filter>
    </ClCompile>
    <ClCompile Include="ContentsBehaviorNode.cpp">
      <Filter>EntityFactory\ContentsBehaviorNode</Filter>
    </ClCompile>
    <ClCompile Include="..\Protocols\c2s_PacketHandler.cpp">
      <Filter>Protocols\Protocol</Filter>
    </ClCompile>
    <ClCompile Include="..\Protocols\CreateBuffer4Server.cpp">
      <Filter>Protocols\Protocol</Filter>
    </ClCompile>
    <ClCompile Include="NaviAgent_Common.cpp">
      <Filter>CommonComponent\NaviAgent</Filter>
    </ClCompile>
    <ClCompile Include="PathFinder_Common.cpp">
      <Filter>CommonComponent\PathFinder</Filter>
    </ClCompile>
    <ClCompile Include="Collider_Common.cpp">
      <Filter>CommonComponent\Collider</Filter>
    </ClCompile>
    <ClCompile Include="ContentsField.cpp">
      <Filter>ContentsField</Filter>
    </ClCompile>
    <ClCompile Include="HP.cpp">
      <Filter>BattleComponent\Status\HP</Filter>
    </ClCompile>
    <ClCompile Include="Death.cpp">
      <Filter>BattleComponent\Death</Filter>
    </ClCompile>
    <ClCompile Include="QuestSystem.cpp">
      <Filter>QuestSystem</Filter>
    </ClCompile>
    <ClCompile Include="Quest.cpp">
      <Filter>QuestSystem\Quest</Filter>
    </ClCompile>
    <ClCompile Include="Regenerator.cpp">
      <Filter>ContentsDeleter\Regenerator</Filter>
    </ClCompile>
    <ClCompile Include="Projectile.cpp">
      <Filter>Projectile</Filter>
    </ClCompile>
    <ClCompile Include="ContentsFunc.cpp">
      <Filter>predefine\ContentsFunc</Filter>
    </ClCompile>
    <ClCompile Include="RangeMonState.cpp">
      <Filter>EntityFactory\NPCState\RangeMon</Filter>
    </ClCompile>
    <ClCompile Include="Inventory.cpp">
      <Filter>Items\Inventory</Filter>
    </ClCompile>
    <ClCompile Include="QuickSlot.cpp">
      <Filter>Items\QuickSlot</Filter>
    </ClCompile>
    <ClCompile Include="Item.cpp">
      <Filter>Items\Item</Filter>
    </ClCompile>
    <ClCompile Include="DropItem.cpp">
      <Filter>Items\DropItem</Filter>
    </ClCompile>
    <ClCompile Include="DropTable.cpp">
      <Filter>Items\DropTable</Filter>
    </ClCompile>
    <ClCompile Include="QuestRoom.cpp">
      <Filter>QuestRoom</Filter>
    </ClCompile>
  </ItemGroup>
  <ItemGroup>
    <ClInclude Include="ClientSession.h">
      <Filter>ClientSession</Filter>
    </ClInclude>
    <ClInclude Include="pch.h">
      <Filter>predefine\pch</Filter>
    </ClInclude>
    <ClInclude Include="..\Protocols\enum_generated.h">
      <Filter>Protocols\generated</Filter>
    </ClInclude>
    <ClInclude Include="..\Protocols\protocol_generated.h">
      <Filter>Protocols\generated</Filter>
    </ClInclude>
    <ClInclude Include="..\Protocols\struct_generated.h">
      <Filter>Protocols\generated</Filter>
    </ClInclude>
    <ClInclude Include="ClusterPredicate.h">
      <Filter>ClusterPredicate</Filter>
    </ClInclude>
    <ClInclude Include="PositionComponent.h">
      <Filter>ContentsComponents\PositionComponent</Filter>
    </ClInclude>
    <ClInclude Include="EntityFactory.h">
      <Filter>EntityFactory</Filter>
    </ClInclude>
    <ClInclude Include="ContentsBehaviorNode.h">
      <Filter>EntityFactory\ContentsBehaviorNode</Filter>
    </ClInclude>
    <ClInclude Include="..\Protocols\protocol_define.h">
      <Filter>Protocols\Protocol</Filter>
    </ClInclude>
    <ClInclude Include="..\Protocols\c2s_PacketHandler.h">
      <Filter>Protocols\Protocol</Filter>
    </ClInclude>
    <ClInclude Include="..\Protocols\CreateBuffer4Server.h">
      <Filter>Protocols\Protocol</Filter>
    </ClInclude>
    <ClInclude Include="NaviAgent_Common.h">
      <Filter>CommonComponent\NaviAgent</Filter>
    </ClInclude>
    <ClInclude Include="PathFinder_Common.h">
      <Filter>CommonComponent\PathFinder</Filter>
    </ClInclude>
    <ClInclude Include="Collider_Common.h">
      <Filter>CommonComponent\Collider</Filter>
    </ClInclude>
    <ClInclude Include="ContentsField.h">
      <Filter>ContentsField</Filter>
    </ClInclude>
    <ClInclude Include="HP.h">
      <Filter>BattleComponent\Status\HP</Filter>
    </ClInclude>
    <ClInclude Include="Death.h">
      <Filter>BattleComponent\Death</Filter>
    </ClInclude>
    <ClInclude Include="QuestSystem.h">
      <Filter>QuestSystem</Filter>
    </ClInclude>
    <ClInclude Include="Quest.h">
      <Filter>QuestSystem\Quest</Filter>
    </ClInclude>
    <ClInclude Include="Regenerator.h">
      <Filter>ContentsDeleter\Regenerator</Filter>
    </ClInclude>
    <ClInclude Include="Projectile.h">
      <Filter>Projectile</Filter>
    </ClInclude>
    <ClInclude Include="ContentsFunc.h">
      <Filter>predefine\ContentsFunc</Filter>
    </ClInclude>
    <ClInclude Include="RangeMonState.h">
      <Filter>EntityFactory\NPCState\RangeMon</Filter>
    </ClInclude>
    <ClInclude Include="Inventory.h">
      <Filter>Items\Inventory</Filter>
    </ClInclude>
    <ClInclude Include="QuickSlot.h">
      <Filter>Items\QuickSlot</Filter>
    </ClInclude>
    <ClInclude Include="Item.h">
      <Filter>Items\Item</Filter>
    </ClInclude>
    <ClInclude Include="DropItem.h">
      <Filter>Items\DropItem</Filter>
    </ClInclude>
    <ClInclude Include="DropTable.h">
      <Filter>Items\DropTable</Filter>
    </ClInclude>
    <ClInclude Include="QuestRoom.h">
      <Filter>QuestRoom</Filter>
    </ClInclude>
  </ItemGroup>
  <ItemGroup>
    <None Include="..\Protocols\enum.fbs">
      <Filter>Protocols\fbs</Filter>
    </None>
    <None Include="..\Protocols\struct.fbs">
      <Filter>Protocols\fbs</Filter>
    </None>
    <None Include="..\Protocols\create_packet_handler.h.j2">
      <Filter>Protocols\templates</Filter>
    </None>
    <None Include="..\Protocols\create_packet_template.cpp.j2">
      <Filter>Protocols\templates</Filter>
    </None>
    <None Include="..\Protocols\create_packet_template.h.j2">
      <Filter>Protocols\templates</Filter>
    </None>
  </ItemGroup>
  <ItemGroup>
    <CustomBuild Include="..\Protocols\protocol.fbs">
      <Filter>Protocols\fbs</Filter>
    </CustomBuild>
  </ItemGroup>
</Project>