<?xml version="1.0" encoding="utf-8"?>
<Project ToolsVersion="4.0" xmlns="http://schemas.microsoft.com/developer/msbuild/2003">
  <ItemGroup>
    <Filter Include="소스 파일">
      <UniqueIdentifier>{4FC737F1-C7A5-4376-A066-2A32D752A2FF}</UniqueIdentifier>
      <Extensions>cpp;c;cc;cxx;c++;cppm;ixx;def;odl;idl;hpj;bat;asm;asmx</Extensions>
    </Filter>
    <Filter Include="ClientSession">
      <UniqueIdentifier>{7dba2f76-5c3c-49c9-bb4e-88376fee2a86}</UniqueIdentifier>
    </Filter>
    <Filter Include="predefine">
      <UniqueIdentifier>{fd6ca222-4d0e-4084-bfca-ea4ccad816e0}</UniqueIdentifier>
    </Filter>
    <Filter Include="predefine\pch">
      <UniqueIdentifier>{c86498ff-aec7-4710-86c8-45bc8c11fd80}</UniqueIdentifier>
    </Filter>
    <Filter Include="Protocols">
      <UniqueIdentifier>{7a1e115b-9a7a-4076-90d3-e9602cea8d24}</UniqueIdentifier>
    </Filter>
    <Filter Include="Protocols\fbs">
      <UniqueIdentifier>{c03d9115-f426-40c7-84e6-962a959e532e}</UniqueIdentifier>
    </Filter>
    <Filter Include="Protocols\generated">
      <UniqueIdentifier>{f63eb009-5f61-4113-82e4-7c31774d4a88}</UniqueIdentifier>
    </Filter>
    <Filter Include="Protocols\Protocol">
      <UniqueIdentifier>{4138fc27-3396-4ca0-85a4-518e2b04553f}</UniqueIdentifier>
    </Filter>
    <Filter Include="Protocols\templates">
      <UniqueIdentifier>{aea5e660-90d6-4955-ada0-858870b72855}</UniqueIdentifier>
    </Filter>
    <Filter Include="SectorPredicate">
      <UniqueIdentifier>{9fe04f13-b05e-4bd4-9d52-d183d2037262}</UniqueIdentifier>
    </Filter>
    <Filter Include="ContentsComponents">
      <UniqueIdentifier>{ff710fd3-b914-4706-9803-18e44195083e}</UniqueIdentifier>
    </Filter>
    <Filter Include="ContentsComponents\PositionComponent">
      <UniqueIdentifier>{c56a17d5-d4fd-4828-9dde-2cc0e863020b}</UniqueIdentifier>
    </Filter>
    <Filter Include="EntityFactory">
      <UniqueIdentifier>{8f9455ea-949c-4ff6-b81c-db37c85ec045}</UniqueIdentifier>
    </Filter>
    <Filter Include="EntityFactory\ContentsBehaviorNode">
      <UniqueIdentifier>{87376198-e8bb-421f-929b-bb14619f1050}</UniqueIdentifier>
    </Filter>
    <Filter Include="CommonComponent">
      <UniqueIdentifier>{45885e52-b213-44c4-9844-aa3903ea2108}</UniqueIdentifier>
    </Filter>
    <Filter Include="CommonComponent\NaviAgent">
      <UniqueIdentifier>{6376c18d-c380-4662-8bb4-425dca78e181}</UniqueIdentifier>
    </Filter>
    <Filter Include="CommonComponent\PathFinder">
      <UniqueIdentifier>{f94ddb3f-e2ac-4c09-846f-b68950212697}</UniqueIdentifier>
    </Filter>
    <Filter Include="CommonComponent\Collider">
      <UniqueIdentifier>{5002fbc6-c24a-4439-b7d0-d0ec85a9b66a}</UniqueIdentifier>
    </Filter>
    <Filter Include="ContentsField">
      <UniqueIdentifier>{eef91570-4ddb-4645-a4d5-8d67f3985817}</UniqueIdentifier>
    </Filter>
  </ItemGroup>
  <ItemGroup>
    <ClCompile Include="main.cpp">
      <Filter>소스 파일</Filter>
    </ClCompile>
    <ClCompile Include="ClientSession.cpp">
      <Filter>ClientSession</Filter>
    </ClCompile>
    <ClCompile Include="pch.cpp">
      <Filter>predefine\pch</Filter>
    </ClCompile>
    <ClCompile Include="ClusterPredicate.cpp">
      <Filter>SectorPredicate</Filter>
    </ClCompile>
    <ClCompile Include="PositionComponent.cpp">
      <Filter>ContentsComponents\PositionComponent</Filter>
    </ClCompile>
    <ClCompile Include="EntityFactory.cpp">
      <Filter>EntityFactory</Filter>
    </ClCompile>
    <ClCompile Include="ContentsBehaviorNode.cpp">
      <Filter>EntityFactory\ContentsBehaviorNode</Filter>
    </ClCompile>
    <ClCompile Include="..\Protocols\c2s_PacketHandler.cpp">
      <Filter>Protocols\Protocol</Filter>
    </ClCompile>
    <ClCompile Include="..\Protocols\CreateBuffer4Server.cpp">
      <Filter>Protocols\Protocol</Filter>
    </ClCompile>
    <ClCompile Include="NaviAgent_Common.cpp">
      <Filter>CommonComponent\NaviAgent</Filter>
    </ClCompile>
    <ClCompile Include="PathFinder_Common.cpp">
      <Filter>CommonComponent\PathFinder</Filter>
    </ClCompile>
    <ClCompile Include="Collider_Common.cpp">
      <Filter>CommonComponent\Collider</Filter>
    </ClCompile>
    <ClCompile Include="ContentsField.cpp">
      <Filter>ContentsField</Filter>
    </ClCompile>
  </ItemGroup>
  <ItemGroup>
    <ClInclude Include="ClientSession.h">
      <Filter>ClientSession</Filter>
    </ClInclude>
    <ClInclude Include="pch.h">
      <Filter>predefine\pch</Filter>
    </ClInclude>
    <ClInclude Include="..\Protocols\enum_generated.h">
      <Filter>Protocols\generated</Filter>
    </ClInclude>
    <ClInclude Include="..\Protocols\protocol_generated.h">
      <Filter>Protocols\generated</Filter>
    </ClInclude>
    <ClInclude Include="..\Protocols\struct_generated.h">
      <Filter>Protocols\generated</Filter>
    </ClInclude>
    <ClInclude Include="ClusterPredicate.h">
      <Filter>SectorPredicate</Filter>
    </ClInclude>
    <ClInclude Include="PositionComponent.h">
      <Filter>ContentsComponents\PositionComponent</Filter>
    </ClInclude>
    <ClInclude Include="EntityFactory.h">
      <Filter>EntityFactory</Filter>
    </ClInclude>
    <ClInclude Include="ContentsBehaviorNode.h">
      <Filter>EntityFactory\ContentsBehaviorNode</Filter>
    </ClInclude>
    <ClInclude Include="..\Protocols\protocol_define.h">
      <Filter>Protocols\Protocol</Filter>
    </ClInclude>
    <ClInclude Include="..\Protocols\c2s_PacketHandler.h">
      <Filter>Protocols\Protocol</Filter>
    </ClInclude>
    <ClInclude Include="..\Protocols\CreateBuffer4Server.h">
      <Filter>Protocols\Protocol</Filter>
    </ClInclude>
    <ClInclude Include="NaviAgent_Common.h">
      <Filter>CommonComponent\NaviAgent</Filter>
    </ClInclude>
    <ClInclude Include="PathFinder_Common.h">
      <Filter>CommonComponent\PathFinder</Filter>
    </ClInclude>
    <ClInclude Include="Collider_Common.h">
      <Filter>CommonComponent\Collider</Filter>
    </ClInclude>
    <ClInclude Include="ContentsField.h">
      <Filter>ContentsField</Filter>
    </ClInclude>
  </ItemGroup>
  <ItemGroup>
    <None Include="..\Protocols\enum.fbs">
      <Filter>Protocols\fbs</Filter>
    </None>
    <None Include="..\Protocols\struct.fbs">
      <Filter>Protocols\fbs</Filter>
    </None>
    <None Include="..\Protocols\create_packet_handler.h.j2">
      <Filter>Protocols\templates</Filter>
    </None>
    <None Include="..\Protocols\create_packet_template.cpp.j2">
      <Filter>Protocols\templates</Filter>
    </None>
    <None Include="..\Protocols\create_packet_template.h.j2">
      <Filter>Protocols\templates</Filter>
    </None>
  </ItemGroup>
  <ItemGroup>
    <CustomBuild Include="..\Protocols\protocol.fbs">
      <Filter>Protocols\fbs</Filter>
    </CustomBuild>
  </ItemGroup>
</Project>