<?xml version="1.0" encoding="utf-8"?>
<Project ToolsVersion="4.0" xmlns="http://schemas.microsoft.com/developer/msbuild/2003">
  <ItemGroup>
    <ClInclude Include="HeightMap.h" />
    <ClInclude Include="SimpleMath.h" />
    <ClInclude Include="PathManager.h" />
  </ItemGroup>
  <ItemGroup>
    <ClCompile Include="HeightMap.cpp" />
    <ClCompile Include="PathManager.cpp" />
  </ItemGroup>
  <ItemGroup>
    <None Include="SimpleMath.inl" />
  </ItemGroup>
</Project>