<?xml version="1.0" encoding="utf-8"?>
<Project ToolsVersion="4.0" xmlns="http://schemas.microsoft.com/developer/msbuild/2003">
  <ItemGroup>
    <Filter Include="Precompiled Headers">
      <UniqueIdentifier>{93995380-89BD-4b04-88EB-625FBE52EBFB}</UniqueIdentifier>
      <Extensions>h;hh;hpp;hxx;h++;hm;inl;inc;ipp;xsd</Extensions>
    </Filter>
  </ItemGroup>
  <ItemGroup>
    <ClCompile Include="pch.cpp">
      <Filter>Precompiled Headers</Filter>
    </ClCompile>
    <ClCompile Include="ObjectIdentifier.cpp" />
    <ClCompile Include="PlayerRenderer.cpp" />
    <ClCompile Include="PositionSetter.cpp" />
    <ClCompile Include="ServerComponent.cpp" />
    <ClCompile Include="ServerObject.cpp" />
    <ClCompile Include="ServerObjectMgr.cpp" />
    <ClCompile Include="ServerSession.cpp" />
    <ClCompile Include="AuthenticPlayer.cpp" />
    <ClCompile Include="EntityBuilder.cpp" />
    <ClCompile Include="EntityMovement.cpp" />
    <ClCompile Include="EventTimer.cpp" />
    <ClCompile Include="func.cpp" />
    <ClCompile Include="InputHandler.cpp" />
    <ClCompile Include="main.cpp" />
    <ClCompile Include="Monster.cpp" />
    <ClCompile Include="MoveInterpolator.cpp" />
    <ClCompile Include="MovePacketSender.cpp" />
  </ItemGroup>
  <ItemGroup>
    <ClInclude Include="pch.h">
      <Filter>Precompiled Headers</Filter>
    </ClInclude>
    <ClInclude Include="ServerSession.h" />
    <ClInclude Include="AuthenticPlayer.h" />
    <ClInclude Include="define.h" />
    <ClInclude Include="EntityBuilder.h" />
    <ClInclude Include="EntityMovement.h" />
    <ClInclude Include="EventTimer.h" />
    <ClInclude Include="func.h" />
    <ClInclude Include="InputHandler.h" />
    <ClInclude Include="Monster.h" />
    <ClInclude Include="MoveInterpolator.h" />
    <ClInclude Include="MovePacketSender.h" />
    <ClInclude Include="ObjectIdentifier.h" />
    <ClInclude Include="PlayerRenderer.h" />
    <ClInclude Include="PositionSetter.h" />
    <ClInclude Include="ServerComponent.h" />
    <ClInclude Include="ServerObject.h" />
    <ClInclude Include="ServerObjectMgr.h" />
  </ItemGroup>
</Project>